// !$*UTF8*$!
{
	archiveVersion = 1;
	classes = {
	};
	objectVersion = 56;
	objects = {

/* Begin PBXBuildFile section */
		84E8580829F059ED0099EE9C /* WrongSound.wav in Resources */ = {isa = PBXBuildFile; fileRef = 84E8580529F059ED0099EE9C /* WrongSound.wav */; };
		84E8580929F059ED0099EE9C /* TimerSound.wav in Resources */ = {isa = PBXBuildFile; fileRef = 84E8580629F059ED0099EE9C /* TimerSound.wav */; };
		84E8580A29F059ED0099EE9C /* RightSound.wav in Resources */ = {isa = PBXBuildFile; fileRef = 84E8580729F059ED0099EE9C /* RightSound.wav */; };
		84E8580C29F05B0D0099EE9C /* GameView.swift in Sources */ = {isa = PBXBuildFile; fileRef = 84E8580B29F05B0D0099EE9C /* GameView.swift */; };
		84E8580E29F05B1F0099EE9C /* GameViewController.swift in Sources */ = {isa = PBXBuildFile; fileRef = 84E8580D29F05B1F0099EE9C /* GameViewController.swift */; };
		A56AAEB029EC8C6800C3F04D /* AppDelegate.swift in Sources */ = {isa = PBXBuildFile; fileRef = A56AAEAF29EC8C6800C3F04D /* AppDelegate.swift */; };
		A56AAEB229EC8C6800C3F04D /* SceneDelegate.swift in Sources */ = {isa = PBXBuildFile; fileRef = A56AAEB129EC8C6800C3F04D /* SceneDelegate.swift */; };
		A56AAEB929EC8C6A00C3F04D /* Assets.xcassets in Resources */ = {isa = PBXBuildFile; fileRef = A56AAEB829EC8C6A00C3F04D /* Assets.xcassets */; };
		A56AAEBC29EC8C6A00C3F04D /* LaunchScreen.storyboard in Resources */ = {isa = PBXBuildFile; fileRef = A56AAEBA29EC8C6A00C3F04D /* LaunchScreen.storyboard */; };
		C84E4F1229EEB2ED00C5DB8B /* CrocodileTableViewCell.swift in Sources */ = {isa = PBXBuildFile; fileRef = C84E4F1129EEB2ED00C5DB8B /* CrocodileTableViewCell.swift */; };
		C84E4F1429EEB97D00C5DB8B /* Team.swift in Sources */ = {isa = PBXBuildFile; fileRef = C84E4F1329EEB97D00C5DB8B /* Team.swift */; };
		C84E4F1629EEE12000C5DB8B /* CategoryViewController.swift in Sources */ = {isa = PBXBuildFile; fileRef = C84E4F1529EEE12000C5DB8B /* CategoryViewController.swift */; };
		C84E4F1829EEE15100C5DB8B /* Category.swift in Sources */ = {isa = PBXBuildFile; fileRef = C84E4F1729EEE15100C5DB8B /* Category.swift */; };
		C84E4F1A29EEE19900C5DB8B /* CrocodileColors.swift in Sources */ = {isa = PBXBuildFile; fileRef = C84E4F1929EEE19900C5DB8B /* CrocodileColors.swift */; };
		C86FE59829EE95E8003D9D2E /* TeamViewController.swift in Sources */ = {isa = PBXBuildFile; fileRef = C86FE59729EE95E8003D9D2E /* TeamViewController.swift */; };
		C86FE59C29EE96E8003D9D2E /* TeamView.swift in Sources */ = {isa = PBXBuildFile; fileRef = C86FE59B29EE96E8003D9D2E /* TeamView.swift */; };
/* End PBXBuildFile section */

/* Begin PBXFileReference section */
		84E8580529F059ED0099EE9C /* WrongSound.wav */ = {isa = PBXFileReference; lastKnownFileType = audio.wav; path = WrongSound.wav; sourceTree = "<group>"; };
		84E8580629F059ED0099EE9C /* TimerSound.wav */ = {isa = PBXFileReference; lastKnownFileType = audio.wav; path = TimerSound.wav; sourceTree = "<group>"; };
		84E8580729F059ED0099EE9C /* RightSound.wav */ = {isa = PBXFileReference; lastKnownFileType = audio.wav; path = RightSound.wav; sourceTree = "<group>"; };
		84E8580B29F05B0D0099EE9C /* GameView.swift */ = {isa = PBXFileReference; fileEncoding = 4; lastKnownFileType = sourcecode.swift; path = GameView.swift; sourceTree = "<group>"; };
		84E8580D29F05B1F0099EE9C /* GameViewController.swift */ = {isa = PBXFileReference; fileEncoding = 4; lastKnownFileType = sourcecode.swift; path = GameViewController.swift; sourceTree = "<group>"; };
		A56AAEAC29EC8C6800C3F04D /* CrocodileGame.app */ = {isa = PBXFileReference; explicitFileType = wrapper.application; includeInIndex = 0; path = CrocodileGame.app; sourceTree = BUILT_PRODUCTS_DIR; };
		A56AAEAF29EC8C6800C3F04D /* AppDelegate.swift */ = {isa = PBXFileReference; lastKnownFileType = sourcecode.swift; path = AppDelegate.swift; sourceTree = "<group>"; };
		A56AAEB129EC8C6800C3F04D /* SceneDelegate.swift */ = {isa = PBXFileReference; lastKnownFileType = sourcecode.swift; path = SceneDelegate.swift; sourceTree = "<group>"; };
		A56AAEB829EC8C6A00C3F04D /* Assets.xcassets */ = {isa = PBXFileReference; lastKnownFileType = folder.assetcatalog; path = Assets.xcassets; sourceTree = "<group>"; };
		A56AAEBB29EC8C6A00C3F04D /* Base */ = {isa = PBXFileReference; lastKnownFileType = file.storyboard; name = Base; path = Base.lproj/LaunchScreen.storyboard; sourceTree = "<group>"; };
		A56AAEBD29EC8C6A00C3F04D /* Info.plist */ = {isa = PBXFileReference; lastKnownFileType = text.plist.xml; path = Info.plist; sourceTree = "<group>"; };
		C84E4F1129EEB2ED00C5DB8B /* CrocodileTableViewCell.swift */ = {isa = PBXFileReference; lastKnownFileType = sourcecode.swift; path = CrocodileTableViewCell.swift; sourceTree = "<group>"; };
		C84E4F1329EEB97D00C5DB8B /* Team.swift */ = {isa = PBXFileReference; lastKnownFileType = sourcecode.swift; name = Team.swift; path = CrocodileGame/View/Team.swift; sourceTree = SOURCE_ROOT; };
		C84E4F1529EEE12000C5DB8B /* CategoryViewController.swift */ = {isa = PBXFileReference; lastKnownFileType = sourcecode.swift; path = CategoryViewController.swift; sourceTree = "<group>"; };
		C84E4F1729EEE15100C5DB8B /* Category.swift */ = {isa = PBXFileReference; lastKnownFileType = sourcecode.swift; name = Category.swift; path = CrocodileGame/Controllers/Category.swift; sourceTree = SOURCE_ROOT; };
		C84E4F1929EEE19900C5DB8B /* CrocodileColors.swift */ = {isa = PBXFileReference; lastKnownFileType = sourcecode.swift; name = CrocodileColors.swift; path = CrocodileGame/CrocodileColors.swift; sourceTree = SOURCE_ROOT; };
		C86FE59729EE95E8003D9D2E /* TeamViewController.swift */ = {isa = PBXFileReference; lastKnownFileType = sourcecode.swift; path = TeamViewController.swift; sourceTree = "<group>"; };
		C86FE59B29EE96E8003D9D2E /* TeamView.swift */ = {isa = PBXFileReference; lastKnownFileType = sourcecode.swift; path = TeamView.swift; sourceTree = "<group>"; };
/* End PBXFileReference section */

/* Begin PBXFrameworksBuildPhase section */
		A56AAEA929EC8C6800C3F04D /* Frameworks */ = {
			isa = PBXFrameworksBuildPhase;
			buildActionMask = 2147483647;
			files = (
			);
			runOnlyForDeploymentPostprocessing = 0;
		};
/* End PBXFrameworksBuildPhase section */

/* Begin PBXGroup section */
		84E8580329F059ED0099EE9C /* Resources */ = {
			isa = PBXGroup;
			children = (
				84E8580429F059ED0099EE9C /* Sounds */,
			);
			path = Resources;
			sourceTree = "<group>";
		};
		84E8580429F059ED0099EE9C /* Sounds */ = {
			isa = PBXGroup;
			children = (
				84E8580529F059ED0099EE9C /* WrongSound.wav */,
				84E8580629F059ED0099EE9C /* TimerSound.wav */,
				84E8580729F059ED0099EE9C /* RightSound.wav */,
			);
			path = Sounds;
			sourceTree = "<group>";
		};
		A56AAEA329EC8C6800C3F04D = {
			isa = PBXGroup;
			children = (
				A56AAEAE29EC8C6800C3F04D /* CrocodileGame */,
				A56AAEAD29EC8C6800C3F04D /* Products */,
			);
			sourceTree = "<group>";
			usesTabs = 0;
		};
		A56AAEAD29EC8C6800C3F04D /* Products */ = {
			isa = PBXGroup;
			children = (
				A56AAEAC29EC8C6800C3F04D /* CrocodileGame.app */,
			);
			name = Products;
			sourceTree = "<group>";
		};
		A56AAEAE29EC8C6800C3F04D /* CrocodileGame */ = {
			isa = PBXGroup;
			children = (
				C86FE59A29EE96CB003D9D2E /* View */,
				A56AAEC429EC8DA700C3F04D /* Controllers */,
				A56AAEC329EC8D9F00C3F04D /* Model */,
				A56AAEAF29EC8C6800C3F04D /* AppDelegate.swift */,
				A56AAEB129EC8C6800C3F04D /* SceneDelegate.swift */,
				C84E4F1929EEE19900C5DB8B /* CrocodileColors.swift */,
				A56AAEB829EC8C6A00C3F04D /* Assets.xcassets */,
				A56AAEBA29EC8C6A00C3F04D /* LaunchScreen.storyboard */,
				A56AAEBD29EC8C6A00C3F04D /* Info.plist */,
				84E8580329F059ED0099EE9C /* Resources */,
			);
			path = CrocodileGame;
			sourceTree = "<group>";
		};
		A56AAEC329EC8D9F00C3F04D /* Model */ = {
			isa = PBXGroup;
			children = (
				C84E4F1329EEB97D00C5DB8B /* Team.swift */,
				C84E4F1729EEE15100C5DB8B /* Category.swift */,
			);
			path = Model;
			sourceTree = "<group>";
		};
		A56AAEC429EC8DA700C3F04D /* Controllers */ = {
			isa = PBXGroup;
			children = (
				C86FE59729EE95E8003D9D2E /* TeamViewController.swift */,
				C84E4F1529EEE12000C5DB8B /* CategoryViewController.swift */,
				84E8580D29F05B1F0099EE9C /* GameViewController.swift */,
			);
			path = Controllers;
			sourceTree = "<group>";
		};
		C86FE59A29EE96CB003D9D2E /* View */ = {
			isa = PBXGroup;
			children = (
				C86FE59B29EE96E8003D9D2E /* TeamView.swift */,
				C84E4F1129EEB2ED00C5DB8B /* CrocodileTableViewCell.swift */,
				84E8580B29F05B0D0099EE9C /* GameView.swift */,
			);
			path = View;
			sourceTree = "<group>";
		};
/* End PBXGroup section */

/* Begin PBXNativeTarget section */
		A56AAEAB29EC8C6800C3F04D /* CrocodileGame */ = {
			isa = PBXNativeTarget;
			buildConfigurationList = A56AAEC029EC8C6A00C3F04D /* Build configuration list for PBXNativeTarget "CrocodileGame" */;
			buildPhases = (
				A56AAEA829EC8C6800C3F04D /* Sources */,
				A56AAEA929EC8C6800C3F04D /* Frameworks */,
				A56AAEAA29EC8C6800C3F04D /* Resources */,
			);
			buildRules = (
			);
			dependencies = (
			);
			name = CrocodileGame;
			productName = CrocodileGame;
			productReference = A56AAEAC29EC8C6800C3F04D /* CrocodileGame.app */;
			productType = "com.apple.product-type.application";
		};
/* End PBXNativeTarget section */

/* Begin PBXProject section */
		A56AAEA429EC8C6800C3F04D /* Project object */ = {
			isa = PBXProject;
			attributes = {
				BuildIndependentTargetsInParallel = 1;
				LastSwiftUpdateCheck = 1430;
				LastUpgradeCheck = 1430;
				TargetAttributes = {
					A56AAEAB29EC8C6800C3F04D = {
						CreatedOnToolsVersion = 14.3;
					};
				};
			};
			buildConfigurationList = A56AAEA729EC8C6800C3F04D /* Build configuration list for PBXProject "CrocodileGame" */;
			compatibilityVersion = "Xcode 14.0";
			developmentRegion = en;
			hasScannedForEncodings = 0;
			knownRegions = (
				en,
				Base,
			);
			mainGroup = A56AAEA329EC8C6800C3F04D;
			productRefGroup = A56AAEAD29EC8C6800C3F04D /* Products */;
			projectDirPath = "";
			projectRoot = "";
			targets = (
				A56AAEAB29EC8C6800C3F04D /* CrocodileGame */,
			);
		};
/* End PBXProject section */

/* Begin PBXResourcesBuildPhase section */
		A56AAEAA29EC8C6800C3F04D /* Resources */ = {
			isa = PBXResourcesBuildPhase;
			buildActionMask = 2147483647;
			files = (
				84E8580929F059ED0099EE9C /* TimerSound.wav in Resources */,
				A56AAEBC29EC8C6A00C3F04D /* LaunchScreen.storyboard in Resources */,
				84E8580A29F059ED0099EE9C /* RightSound.wav in Resources */,
				A56AAEB929EC8C6A00C3F04D /* Assets.xcassets in Resources */,
				84E8580829F059ED0099EE9C /* WrongSound.wav in Resources */,
			);
			runOnlyForDeploymentPostprocessing = 0;
		};
/* End PBXResourcesBuildPhase section */

/* Begin PBXSourcesBuildPhase section */
		A56AAEA829EC8C6800C3F04D /* Sources */ = {
			isa = PBXSourcesBuildPhase;
			buildActionMask = 2147483647;
			files = (
				C84E4F1A29EEE19900C5DB8B /* CrocodileColors.swift in Sources */,
				C84E4F1829EEE15100C5DB8B /* Category.swift in Sources */,
				C86FE59829EE95E8003D9D2E /* TeamViewController.swift in Sources */,
				C86FE59C29EE96E8003D9D2E /* TeamView.swift in Sources */,
				84E8580C29F05B0D0099EE9C /* GameView.swift in Sources */,
				C84E4F1429EEB97D00C5DB8B /* Team.swift in Sources */,
				C84E4F1229EEB2ED00C5DB8B /* CrocodileTableViewCell.swift in Sources */,
				A56AAEB029EC8C6800C3F04D /* AppDelegate.swift in Sources */,
				C84E4F1629EEE12000C5DB8B /* CategoryViewController.swift in Sources */,
				84E8580E29F05B1F0099EE9C /* GameViewController.swift in Sources */,
				A56AAEB229EC8C6800C3F04D /* SceneDelegate.swift in Sources */,
			);
			runOnlyForDeploymentPostprocessing = 0;
		};
/* End PBXSourcesBuildPhase section */

/* Begin PBXVariantGroup section */
		A56AAEBA29EC8C6A00C3F04D /* LaunchScreen.storyboard */ = {
			isa = PBXVariantGroup;
			children = (
				A56AAEBB29EC8C6A00C3F04D /* Base */,
			);
			name = LaunchScreen.storyboard;
			sourceTree = "<group>";
		};
/* End PBXVariantGroup section */

/* Begin XCBuildConfiguration section */
		A56AAEBE29EC8C6A00C3F04D /* Debug */ = {
			isa = XCBuildConfiguration;
			buildSettings = {
				ALWAYS_SEARCH_USER_PATHS = NO;
				CLANG_ANALYZER_NONNULL = YES;
				CLANG_ANALYZER_NUMBER_OBJECT_CONVERSION = YES_AGGRESSIVE;
				CLANG_CXX_LANGUAGE_STANDARD = "gnu++20";
				CLANG_ENABLE_MODULES = YES;
				CLANG_ENABLE_OBJC_ARC = YES;
				CLANG_ENABLE_OBJC_WEAK = YES;
				CLANG_WARN_BLOCK_CAPTURE_AUTORELEASING = YES;
				CLANG_WARN_BOOL_CONVERSION = YES;
				CLANG_WARN_COMMA = YES;
				CLANG_WARN_CONSTANT_CONVERSION = YES;
				CLANG_WARN_DEPRECATED_OBJC_IMPLEMENTATIONS = YES;
				CLANG_WARN_DIRECT_OBJC_ISA_USAGE = YES_ERROR;
				CLANG_WARN_DOCUMENTATION_COMMENTS = YES;
				CLANG_WARN_EMPTY_BODY = YES;
				CLANG_WARN_ENUM_CONVERSION = YES;
				CLANG_WARN_INFINITE_RECURSION = YES;
				CLANG_WARN_INT_CONVERSION = YES;
				CLANG_WARN_NON_LITERAL_NULL_CONVERSION = YES;
				CLANG_WARN_OBJC_IMPLICIT_RETAIN_SELF = YES;
				CLANG_WARN_OBJC_LITERAL_CONVERSION = YES;
				CLANG_WARN_OBJC_ROOT_CLASS = YES_ERROR;
				CLANG_WARN_QUOTED_INCLUDE_IN_FRAMEWORK_HEADER = YES;
				CLANG_WARN_RANGE_LOOP_ANALYSIS = YES;
				CLANG_WARN_STRICT_PROTOTYPES = YES;
				CLANG_WARN_SUSPICIOUS_MOVE = YES;
				CLANG_WARN_UNGUARDED_AVAILABILITY = YES_AGGRESSIVE;
				CLANG_WARN_UNREACHABLE_CODE = YES;
				CLANG_WARN__DUPLICATE_METHOD_MATCH = YES;
				COPY_PHASE_STRIP = NO;
				DEBUG_INFORMATION_FORMAT = dwarf;
				ENABLE_STRICT_OBJC_MSGSEND = YES;
				ENABLE_TESTABILITY = YES;
				GCC_C_LANGUAGE_STANDARD = gnu11;
				GCC_DYNAMIC_NO_PIC = NO;
				GCC_NO_COMMON_BLOCKS = YES;
				GCC_OPTIMIZATION_LEVEL = 0;
				GCC_PREPROCESSOR_DEFINITIONS = (
					"DEBUG=1",
					"$(inherited)",
				);
				GCC_WARN_64_TO_32_BIT_CONVERSION = YES;
				GCC_WARN_ABOUT_RETURN_TYPE = YES_ERROR;
				GCC_WARN_UNDECLARED_SELECTOR = YES;
				GCC_WARN_UNINITIALIZED_AUTOS = YES_AGGRESSIVE;
				GCC_WARN_UNUSED_FUNCTION = YES;
				GCC_WARN_UNUSED_VARIABLE = YES;
				IPHONEOS_DEPLOYMENT_TARGET = 16.4;
				MTL_ENABLE_DEBUG_INFO = INCLUDE_SOURCE;
				MTL_FAST_MATH = YES;
				ONLY_ACTIVE_ARCH = YES;
				SDKROOT = iphoneos;
				SWIFT_ACTIVE_COMPILATION_CONDITIONS = DEBUG;
				SWIFT_OPTIMIZATION_LEVEL = "-Onone";
			};
			name = Debug;
		};
		A56AAEBF29EC8C6A00C3F04D /* Release */ = {
			isa = XCBuildConfiguration;
			buildSettings = {
				ALWAYS_SEARCH_USER_PATHS = NO;
				CLANG_ANALYZER_NONNULL = YES;
				CLANG_ANALYZER_NUMBER_OBJECT_CONVERSION = YES_AGGRESSIVE;
				CLANG_CXX_LANGUAGE_STANDARD = "gnu++20";
				CLANG_ENABLE_MODULES = YES;
				CLANG_ENABLE_OBJC_ARC = YES;
				CLANG_ENABLE_OBJC_WEAK = YES;
				CLANG_WARN_BLOCK_CAPTURE_AUTORELEASING = YES;
				CLANG_WARN_BOOL_CONVERSION = YES;
				CLANG_WARN_COMMA = YES;
				CLANG_WARN_CONSTANT_CONVERSION = YES;
				CLANG_WARN_DEPRECATED_OBJC_IMPLEMENTATIONS = YES;
				CLANG_WARN_DIRECT_OBJC_ISA_USAGE = YES_ERROR;
				CLANG_WARN_DOCUMENTATION_COMMENTS = YES;
				CLANG_WARN_EMPTY_BODY = YES;
				CLANG_WARN_ENUM_CONVERSION = YES;
				CLANG_WARN_INFINITE_RECURSION = YES;
				CLANG_WARN_INT_CONVERSION = YES;
				CLANG_WARN_NON_LITERAL_NULL_CONVERSION = YES;
				CLANG_WARN_OBJC_IMPLICIT_RETAIN_SELF = YES;
				CLANG_WARN_OBJC_LITERAL_CONVERSION = YES;
				CLANG_WARN_OBJC_ROOT_CLASS = YES_ERROR;
				CLANG_WARN_QUOTED_INCLUDE_IN_FRAMEWORK_HEADER = YES;
				CLANG_WARN_RANGE_LOOP_ANALYSIS = YES;
				CLANG_WARN_STRICT_PROTOTYPES = YES;
				CLANG_WARN_SUSPICIOUS_MOVE = YES;
				CLANG_WARN_UNGUARDED_AVAILABILITY = YES_AGGRESSIVE;
				CLANG_WARN_UNREACHABLE_CODE = YES;
				CLANG_WARN__DUPLICATE_METHOD_MATCH = YES;
				COPY_PHASE_STRIP = NO;
				DEBUG_INFORMATION_FORMAT = "dwarf-with-dsym";
				ENABLE_NS_ASSERTIONS = NO;
				ENABLE_STRICT_OBJC_MSGSEND = YES;
				GCC_C_LANGUAGE_STANDARD = gnu11;
				GCC_NO_COMMON_BLOCKS = YES;
				GCC_WARN_64_TO_32_BIT_CONVERSION = YES;
				GCC_WARN_ABOUT_RETURN_TYPE = YES_ERROR;
				GCC_WARN_UNDECLARED_SELECTOR = YES;
				GCC_WARN_UNINITIALIZED_AUTOS = YES_AGGRESSIVE;
				GCC_WARN_UNUSED_FUNCTION = YES;
				GCC_WARN_UNUSED_VARIABLE = YES;
				IPHONEOS_DEPLOYMENT_TARGET = 16.4;
				MTL_ENABLE_DEBUG_INFO = NO;
				MTL_FAST_MATH = YES;
				SDKROOT = iphoneos;
				SWIFT_COMPILATION_MODE = wholemodule;
				SWIFT_OPTIMIZATION_LEVEL = "-O";
				VALIDATE_PRODUCT = YES;
			};
			name = Release;
		};
		A56AAEC129EC8C6A00C3F04D /* Debug */ = {
			isa = XCBuildConfiguration;
			buildSettings = {
				ASSETCATALOG_COMPILER_APPICON_NAME = AppIcon;
				ASSETCATALOG_COMPILER_GLOBAL_ACCENT_COLOR_NAME = AccentColor;
				CODE_SIGN_STYLE = Automatic;
				CURRENT_PROJECT_VERSION = 1;
				DEVELOPMENT_TEAM = TWQL7PLAUC;
				GENERATE_INFOPLIST_FILE = YES;
				INFOPLIST_FILE = CrocodileGame/Info.plist;
				INFOPLIST_KEY_UIApplicationSupportsIndirectInputEvents = YES;
				INFOPLIST_KEY_UILaunchStoryboardName = LaunchScreen.storyboard;
				INFOPLIST_KEY_UIStatusBarStyle = "";
				INFOPLIST_KEY_UISupportedInterfaceOrientations = UIInterfaceOrientationPortrait;
				INFOPLIST_KEY_UISupportedInterfaceOrientations_iPad = "UIInterfaceOrientationLandscapeRight UIInterfaceOrientationPortraitUpsideDown";
				LD_RUNPATH_SEARCH_PATHS = (
					"$(inherited)",
					"@executable_path/Frameworks",
				);
				MARKETING_VERSION = 1.0;
				PRODUCT_BUNDLE_IDENTIFIER = "zvontsov-adadigital.ru.CrocodileGame";
				PRODUCT_NAME = "$(TARGET_NAME)";
				SUPPORTED_PLATFORMS = "iphoneos iphonesimulator";
				SUPPORTS_MACCATALYST = NO;
				SUPPORTS_MAC_DESIGNED_FOR_IPHONE_IPAD = NO;
				SWIFT_EMIT_LOC_STRINGS = YES;
				SWIFT_VERSION = 5.0;
				TARGETED_DEVICE_FAMILY = 1;
			};
			name = Debug;
		};
		A56AAEC229EC8C6A00C3F04D /* Release */ = {
			isa = XCBuildConfiguration;
			buildSettings = {
				ASSETCATALOG_COMPILER_APPICON_NAME = AppIcon;
				ASSETCATALOG_COMPILER_GLOBAL_ACCENT_COLOR_NAME = AccentColor;
				CODE_SIGN_STYLE = Automatic;
				CURRENT_PROJECT_VERSION = 1;
				DEVELOPMENT_TEAM = TWQL7PLAUC;
				GENERATE_INFOPLIST_FILE = YES;
				INFOPLIST_FILE = CrocodileGame/Info.plist;
				INFOPLIST_KEY_UIApplicationSupportsIndirectInputEvents = YES;
				INFOPLIST_KEY_UILaunchStoryboardName = LaunchScreen.storyboard;
				INFOPLIST_KEY_UIStatusBarStyle = "";
				INFOPLIST_KEY_UISupportedInterfaceOrientations = UIInterfaceOrientationPortrait;
				INFOPLIST_KEY_UISupportedInterfaceOrientations_iPad = "UIInterfaceOrientationLandscapeRight UIInterfaceOrientationPortraitUpsideDown";
				LD_RUNPATH_SEARCH_PATHS = (
					"$(inherited)",
					"@executable_path/Frameworks",
				);
				MARKETING_VERSION = 1.0;
				PRODUCT_BUNDLE_IDENTIFIER = "zvontsov-adadigital.ru.CrocodileGame";
				PRODUCT_NAME = "$(TARGET_NAME)";
				SUPPORTED_PLATFORMS = "iphoneos iphonesimulator";
				SUPPORTS_MACCATALYST = NO;
				SUPPORTS_MAC_DESIGNED_FOR_IPHONE_IPAD = NO;
				SWIFT_EMIT_LOC_STRINGS = YES;
				SWIFT_VERSION = 5.0;
				TARGETED_DEVICE_FAMILY = 1;
			};
			name = Release;
		};
/* End XCBuildConfiguration section */

/* Begin XCConfigurationList section */
		A56AAEA729EC8C6800C3F04D /* Build configuration list for PBXProject "CrocodileGame" */ = {
			isa = XCConfigurationList;
			buildConfigurations = (
				A56AAEBE29EC8C6A00C3F04D /* Debug */,
				A56AAEBF29EC8C6A00C3F04D /* Release */,
			);
			defaultConfigurationIsVisible = 0;
			defaultConfigurationName = Release;
		};
		A56AAEC029EC8C6A00C3F04D /* Build configuration list for PBXNativeTarget "CrocodileGame" */ = {
			isa = XCConfigurationList;
			buildConfigurations = (
				A56AAEC129EC8C6A00C3F04D /* Debug */,
				A56AAEC229EC8C6A00C3F04D /* Release */,
			);
			defaultConfigurationIsVisible = 0;
			defaultConfigurationName = Release;
		};
/* End XCConfigurationList section */
	};
	rootObject = A56AAEA429EC8C6800C3F04D /* Project object */;
}
